{
  "name": "les04",
  "version": "1.0.0",
  "lockfileVersion": 1,
  "requires": true,
  "dependencies": {
    "CSSselect": {
      "version": "0.4.1",
      "resolved": "http://registry.npm.taobao.org/CSSselect/download/CSSselect-0.4.1.tgz",
      "integrity": "sha1-+Kt+H4QYzmPNput713ioXX7EkrI=",
      "requires": {
        "CSSwhat": "0.4",
        "domutils": "1.4"
      }
    },
    "CSSwhat": {
      "version": "0.4.7",
      "resolved": "http://registry.npm.taobao.org/CSSwhat/download/CSSwhat-0.4.7.tgz",
      "integrity": "sha1-hn2g/zn3eGEyQsRM/qg/CqTr35s="
    },
    "async": {
      "version": "0.9.2",
      "resolved": "https://registry.npm.taobao.org/async/download/async-0.9.2.tgz",
      "integrity": "sha1-rqdNXmHB+JlhO/ZL2mbUx48v0X0="
    },
    "cheerio": {
      "version": "0.17.0",
      "resolved": "https://registry.npm.taobao.org/cheerio/download/cheerio-0.17.0.tgz",
      "integrity": "sha1-+lrkLMYBIRM9KW0LRtmDIV9yaOo=",
      "requires": {
        "CSSselect": "~0.4.0",
        "dom-serializer": "~0.0.0",
        "entities": "~1.1.1",
        "htmlparser2": "~3.7.2",
        "lodash": "~2.4.1"
      }
    },
    "combined-stream": {
      "version": "0.0.7",
      "resolved": "https://registry.npm.taobao.org/combined-stream/download/combined-stream-0.0.7.tgz",
      "integrity": "sha1-ATfmV7qlp1QcV6w3rF/AfXO03B8=",
      "requires": {
        "delayed-stream": "0.0.5"
      }
    },
    "component-emitter": {
      "version": "1.1.2",
      "resolved": "https://registry.npm.taobao.org/component-emitter/download/component-emitter-1.1.2.tgz",
      "integrity": "sha1-KWWU8nU9qmOZbSrwjRWpURbJrsM="
    },
    "cookiejar": {
      "version": "2.0.1",
      "resolved": "https://registry.npm.taobao.org/cookiejar/download/cookiejar-2.0.1.tgz",
      "integrity": "sha1-PRJ1L2rfaKiS8zJDNJK9WBK7Zo8="
    },
    "core-util-is": {
      "version": "1.0.2",
      "resolved": "http://registry.npm.taobao.org/core-util-is/download/core-util-is-1.0.2.tgz",
      "integrity": "sha1-tf1UIgqivFq1eqtxQMlAdUUDwac="
    },
    "debug": {
      "version": "2.2.0",
      "resolved": "http://registry.npm.taobao.org/debug/download/debug-2.2.0.tgz",
      "integrity": "sha1-+HBX6ZWxofauaklgZkE3vFbwOdo=",
      "requires": {
        "ms": "0.7.1"
      }
    },
    "delayed-stream": {
      "version": "0.0.5",
      "resolved": "http://registry.npm.taobao.org/delayed-stream/download/delayed-stream-0.0.5.tgz",
      "integrity": "sha1-1LH0OpPoKW3+AmlPRoC8N6MTxz8="
    },
    "dom-serializer": {
      "version": "0.0.1",
      "resolved": "http://registry.npm.taobao.org/dom-serializer/download/dom-serializer-0.0.1.tgz",
      "integrity": "sha1-lYmCfx4y0iw3yCmtq9WbMkevjq8=",
      "requires": {
        "domelementtype": "~1.1.1",
        "entities": "~1.1.1"
      },
      "dependencies": {
        "domelementtype": {
          "version": "1.1.3",
          "resolved": "http://registry.npm.taobao.org/domelementtype/download/domelementtype-1.1.3.tgz",
          "integrity": "sha1-vSh3PiZCiBrsUVRJJCmcXNgiGFs="
        }
      }
    },
    "domelementtype": {
      "version": "1.3.1",
      "resolved": "http://registry.npm.taobao.org/domelementtype/download/domelementtype-1.3.1.tgz",
      "integrity": "sha1-0EjESzew0Qp/Kj1f7j9DM9eQSB8="
    },
    "domhandler": {
      "version": "2.2.1",
      "resolved": "http://registry.npm.taobao.org/domhandler/download/domhandler-2.2.1.tgz",
      "integrity": "sha1-Wd+dzSJ+gIs2Wuc+H2aErD2Ub8I=",
      "requires": {
        "domelementtype": "1"
      }
    },
    "domutils": {
      "version": "1.4.3",
      "resolved": "http://registry.npm.taobao.org/domutils/download/domutils-1.4.3.tgz",
      "integrity": "sha1-CGVRN5bGswYDGFDhdVFrr4C3Km8=",
      "requires": {
        "domelementtype": "1"
      }
    },
    "entities": {
      "version": "1.1.2",
      "resolved": "http://registry.npm.taobao.org/entities/download/entities-1.1.2.tgz",
      "integrity": "sha1-vfpzUplmTfr9NFKe1PhSKidf6lY="
    },
    "eventproxy": {
      "version": "0.3.5",
      "resolved": "https://registry.npm.taobao.org/eventproxy/download/eventproxy-0.3.5.tgz",
      "integrity": "sha1-TbMpDcvFHPBny7Z1LjxAtdkXIS8=",
      "requires": {
        "debug": "2.2.0"
      }
    },
    "extend": {
      "version": "1.2.1",
      "resolved": "http://registry.npm.taobao.org/extend/download/extend-1.2.1.tgz",
      "integrity": "sha1-oPX9bPyDpf5J72mNYOyKYk3UV2w="
    },
    "form-data": {
      "version": "0.1.3",
      "resolved": "https://registry.npm.taobao.org/form-data/download/form-data-0.1.3.tgz?cache=0&sync_timestamp=1560929244634&other_urls=https%3A%2F%2Fregistry.npm.taobao.org%2Fform-data%2Fdownload%2Fform-data-0.1.3.tgz",
      "integrity": "sha1-TuQ0bm61Ni6DRKAgdb2NvYxzc+o=",
      "requires": {
        "async": "~0.9.0",
        "combined-stream": "~0.0.4",
        "mime": "~1.2.11"
      }
    },
    "formidable": {
      "version": "1.0.14",
      "resolved": "https://registry.npm.taobao.org/formidable/download/formidable-1.0.14.tgz",
      "integrity": "sha1-Kz9MQRy7X91pXESEPiojUUpDIxo="
    },
    "htmlparser2": {
      "version": "3.7.3",
      "resolved": "http://registry.npm.taobao.org/htmlparser2/download/htmlparser2-3.7.3.tgz",
      "integrity": "sha1-amTHdjfAjG8w7CqBV6UzM758sF4=",
      "requires": {
        "domelementtype": "1",
        "domhandler": "2.2",
        "domutils": "1.5",
        "entities": "1.0",
        "readable-stream": "1.1"
      },
      "dependencies": {
        "domutils": {
          "version": "1.5.1",
          "resolved": "http://registry.npm.taobao.org/domutils/download/domutils-1.5.1.tgz",
          "integrity": "sha1-3NhIiib1Y9YQeeSMn3t+Mjc2gs8=",
          "requires": {
            "dom-serializer": "0",
            "domelementtype": "1"
          }
        },
        "entities": {
          "version": "1.0.0",
          "resolved": "http://registry.npm.taobao.org/entities/download/entities-1.0.0.tgz",
          "integrity": "sha1-sph6o4ITR/zeZCsk/fyeT7cSvyY="
        }
      }
    },
    "inherits": {
      "version": "2.0.4",
      "resolved": "https://registry.npm.taobao.org/inherits/download/inherits-2.0.4.tgz",
      "integrity": "sha1-D6LGT5MpF8NDOg3tVTY6rjdBa3w="
    },
    "isarray": {
      "version": "0.0.1",
      "resolved": "http://registry.npm.taobao.org/isarray/download/isarray-0.0.1.tgz",
      "integrity": "sha1-ihis/Kmo9Bd+Cav8YDiTmwXR7t8="
    },
    "lodash": {
      "version": "2.4.2",
      "resolved": "http://registry.npm.taobao.org/lodash/download/lodash-2.4.2.tgz?cache=0&other_urls=http%3A%2F%2Fregistry.npm.taobao.org%2Flodash%2Fdownload%2Flodash-2.4.2.tgz",
      "integrity": "sha1-+t2DS5aDBz2hebPq5tnA0VBT9z4="
    },
    "methods": {
      "version": "1.0.1",
      "resolved": "http://registry.npm.taobao.org/methods/download/methods-1.0.1.tgz",
      "integrity": "sha1-dbyRlD3/19oDfPPusO1zoAN80Us="
    },
    "mime": {
      "version": "1.2.11",
      "resolved": "https://registry.npm.taobao.org/mime/download/mime-1.2.11.tgz",
      "integrity": "sha1-WCA+7Ybjpe8XrtK32evUfwpg3RA="
    },
    "ms": {
      "version": "0.7.1",
      "resolved": "https://registry.npm.taobao.org/ms/download/ms-0.7.1.tgz",
      "integrity": "sha1-nNE8A62/8ltl7/3nzoZO6VIBcJg="
    },
    "qs": {
      "version": "1.2.0",
      "resolved": "http://registry.npm.taobao.org/qs/download/qs-1.2.0.tgz",
      "integrity": "sha1-7Qeb4oaCFH5v2aNMwrDB4OxkU+4="
    },
    "readable-stream": {
      "version": "1.1.14",
      "resolved": "https://registry.npm.taobao.org/readable-stream/download/readable-stream-1.1.14.tgz?cache=0&other_urls=https%3A%2F%2Fregistry.npm.taobao.org%2Freadable-stream%2Fdownload%2Freadable-stream-1.1.14.tgz",
      "integrity": "sha1-fPTFTvZI44EwhMY23SB54WbAgdk=",
      "requires": {
        "core-util-is": "~1.0.0",
        "inherits": "~2.0.1",
        "isarray": "0.0.1",
        "string_decoder": "~0.10.x"
      }
    },
    "reduce-component": {
      "version": "1.0.1",
      "resolved": "https://registry.npm.taobao.org/reduce-component/download/reduce-component-1.0.1.tgz",
      "integrity": "sha1-4Mk1QsV0UhvqE98PlIjtgqt3xdo="
    },
    "string_decoder": {
      "version": "0.10.31",
      "resolved": "http://registry.npm.taobao.org/string_decoder/download/string_decoder-0.10.31.tgz",
      "integrity": "sha1-YuIDvEF2bGwoyfyEMB2rHFMQ+pQ="
    },
    "superagent": {
      "version": "0.20.0",
      "resolved": "https://registry.npm.taobao.org/superagent/download/superagent-0.20.0.tgz",
      "integrity": "sha1-hZNVeAavf7ZTAbtqCGJtl+vhqdM=",
      "requires": {
        "component-emitter": "1.1.2",
        "cookiejar": "2.0.1",
        "debug": "~2.0.0",
        "extend": "~1.2.1",
        "form-data": "0.1.3",
        "formidable": "1.0.14",
        "methods": "1.0.1",
        "mime": "1.2.11",
        "qs": "1.2.0",
        "readable-stream": "1.0.27-1",
        "reduce-component": "1.0.1"
      },
      "dependencies": {
        "debug": {
          "version": "2.0.0",
          "resolved": "http://registry.npm.taobao.org/debug/download/debug-2.0.0.tgz",
          "integrity": "sha1-ib2d9nMrUSVrxnBTQrugLtEhMe8=",
          "requires": {
            "ms": "0.6.2"
          }
        },
        "ms": {
          "version": "0.6.2",
          "resolved": "https://registry.npm.taobao.org/ms/download/ms-0.6.2.tgz",
          "integrity": "sha1-2JwhJMb9wTU9Zai3e/GqxLGTcIw="
        },
        "readable-stream": {
          "version": "1.0.27-1",
          "resolved": "https://registry.npm.taobao.org/readable-stream/download/readable-stream-1.0.27-1.tgz?cache=0&other_urls=https%3A%2F%2Fregistry.npm.taobao.org%2Freadable-stream%2Fdownload%2Freadable-stream-1.0.27-1.tgz",
          "integrity": "sha1-a2eYPCA1fO/QfwFlABoW1xDZEHg=",
          "requires": {
            "core-util-is": "~1.0.0",
            "inherits": "~2.0.1",
            "isarray": "0.0.1",
            "string_decoder": "~0.10.x"
          }
        }
      }
    }
  }
}
